// !$*UTF8*$!
{
	archiveVersion = 1;
	classes = {
	};
	objectVersion = 77;
	objects = {

/* Begin PBXBuildFile section */
		4D014EEE2E7D212D007F6D47 /* vocab extension Extension.appex in Embed Foundation Extensions */ = {isa = PBXBuildFile; fileRef = 4D014EED2E7D212D007F6D47 /* vocab extension Extension.appex */; settings = {ATTRIBUTES = (RemoveHeadersOnCopy, ); }; };
/* End PBXBuildFile section */

/* Begin PBXContainerItemProxy section */
		4D014ED82E7D212D007F6D47 /* PBXContainerItemProxy */ = {
			isa = PBXContainerItemProxy;
			containerPortal = 4D014EB22E7D212C007F6D47 /* Project object */;
			proxyType = 1;
			remoteGlobalIDString = 4D014EB92E7D212C007F6D47;
			remoteInfo = "vocab extension";
		};
		4D014EE22E7D212D007F6D47 /* PBXContainerItemProxy */ = {
			isa = PBXContainerItemProxy;
			containerPortal = 4D014EB22E7D212C007F6D47 /* Project object */;
			proxyType = 1;
			remoteGlobalIDString = 4D014EB92E7D212C007F6D47;
			remoteInfo = "vocab extension";
		};
		4D014EEF2E7D212D007F6D47 /* PBXContainerItemProxy */ = {
			isa = PBXContainerItemProxy;
			containerPortal = 4D014EB22E7D212C007F6D47 /* Project object */;
			proxyType = 1;
			remoteGlobalIDString = 4D014EEC2E7D212D007F6D47;
			remoteInfo = "vocab extension Extension";
		};
/* End PBXContainerItemProxy section */

/* Begin PBXCopyFilesBuildPhase section */
		4D014F0C2E7D212D007F6D47 /* Embed Foundation Extensions */ = {
			isa = PBXCopyFilesBuildPhase;
			buildActionMask = 2147483647;
			dstPath = "";
			dstSubfolderSpec = 13;
			files = (
				4D014EEE2E7D212D007F6D47 /* vocab extension Extension.appex in Embed Foundation Extensions */,
			);
			name = "Embed Foundation Extensions";
			runOnlyForDeploymentPostprocessing = 0;
		};
/* End PBXCopyFilesBuildPhase section */

/* Begin PBXFileReference section */
		4D014EBA2E7D212C007F6D47 /* vocab extension.app */ = {isa = PBXFileReference; explicitFileType = wrapper.application; includeInIndex = 0; path = "vocab extension.app"; sourceTree = BUILT_PRODUCTS_DIR; };
		4D014ED72E7D212D007F6D47 /* vocab extensionTests.xctest */ = {isa = PBXFileReference; explicitFileType = wrapper.cfbundle; includeInIndex = 0; path = "vocab extensionTests.xctest"; sourceTree = BUILT_PRODUCTS_DIR; };
		4D014EE12E7D212D007F6D47 /* vocab extensionUITests.xctest */ = {isa = PBXFileReference; explicitFileType = wrapper.cfbundle; includeInIndex = 0; path = "vocab extensionUITests.xctest"; sourceTree = BUILT_PRODUCTS_DIR; };
		4D014EED2E7D212D007F6D47 /* vocab extension Extension.appex */ = {isa = PBXFileReference; explicitFileType = "wrapper.app-extension"; includeInIndex = 0; path = "vocab extension Extension.appex"; sourceTree = BUILT_PRODUCTS_DIR; };
/* End PBXFileReference section */

/* Begin PBXFileSystemSynchronizedBuildFileExceptionSet section */
		4D014F072E7D212D007F6D47 /* Exceptions for "vocab extension" folder in "vocab extension" target */ = {
			isa = PBXFileSystemSynchronizedBuildFileExceptionSet;
			membershipExceptions = (
				Info.plist,
			);
			target = 4D014EB92E7D212C007F6D47 /* vocab extension */;
		};
		4D014F0B2E7D212D007F6D47 /* Exceptions for "vocab extension Extension" folder in "vocab extension Extension" target */ = {
			isa = PBXFileSystemSynchronizedBuildFileExceptionSet;
			membershipExceptions = (
				Info.plist,
			);
			target = 4D014EEC2E7D212D007F6D47 /* vocab extension Extension */;
		};
/* End PBXFileSystemSynchronizedBuildFileExceptionSet section */

/* Begin PBXFileSystemSynchronizedRootGroup section */
		4D014EBC2E7D212C007F6D47 /* vocab extension */ = {
			isa = PBXFileSystemSynchronizedRootGroup;
			exceptions = (
				4D014F072E7D212D007F6D47 /* Exceptions for "vocab extension" folder in "vocab extension" target */,
			);
			path = "vocab extension";
			sourceTree = "<group>";
		};
		4D014EDA2E7D212D007F6D47 /* vocab extensionTests */ = {
			isa = PBXFileSystemSynchronizedRootGroup;
			path = "vocab extensionTests";
			sourceTree = "<group>";
		};
		4D014EE42E7D212D007F6D47 /* vocab extensionUITests */ = {
			isa = PBXFileSystemSynchronizedRootGroup;
			path = "vocab extensionUITests";
			sourceTree = "<group>";
		};
		4D014EF12E7D212D007F6D47 /* vocab extension Extension */ = {
			isa = PBXFileSystemSynchronizedRootGroup;
			exceptions = (
				4D014F0B2E7D212D007F6D47 /* Exceptions for "vocab extension Extension" folder in "vocab extension Extension" target */,
			);
			explicitFolders = (
				Resources/_locales,
				Resources/images,
			);
			path = "vocab extension Extension";
			sourceTree = "<group>";
		};
/* End PBXFileSystemSynchronizedRootGroup section */

/* Begin PBXFrameworksBuildPhase section */
		4D014EB72E7D212C007F6D47 /* Frameworks */ = {
			isa = PBXFrameworksBuildPhase;
			buildActionMask = 2147483647;
			files = (
			);
			runOnlyForDeploymentPostprocessing = 0;
		};
		4D014ED42E7D212D007F6D47 /* Frameworks */ = {
			isa = PBXFrameworksBuildPhase;
			buildActionMask = 2147483647;
			files = (
			);
			runOnlyForDeploymentPostprocessing = 0;
		};
		4D014EDE2E7D212D007F6D47 /* Frameworks */ = {
			isa = PBXFrameworksBuildPhase;
			buildActionMask = 2147483647;
			files = (
			);
			runOnlyForDeploymentPostprocessing = 0;
		};
		4D014EEA2E7D212D007F6D47 /* Frameworks */ = {
			isa = PBXFrameworksBuildPhase;
			buildActionMask = 2147483647;
			files = (
			);
			runOnlyForDeploymentPostprocessing = 0;
		};
/* End PBXFrameworksBuildPhase section */

/* Begin PBXGroup section */
		4D014EB12E7D212C007F6D47 = {
			isa = PBXGroup;
			children = (
				4D014EBC2E7D212C007F6D47 /* vocab extension */,
				4D014EDA2E7D212D007F6D47 /* vocab extensionTests */,
				4D014EE42E7D212D007F6D47 /* vocab extensionUITests */,
				4D014EF12E7D212D007F6D47 /* vocab extension Extension */,
				4D014EBB2E7D212C007F6D47 /* Products */,
			);
			sourceTree = "<group>";
		};
		4D014EBB2E7D212C007F6D47 /* Products */ = {
			isa = PBXGroup;
			children = (
				4D014EBA2E7D212C007F6D47 /* vocab extension.app */,
				4D014ED72E7D212D007F6D47 /* vocab extensionTests.xctest */,
				4D014EE12E7D212D007F6D47 /* vocab extensionUITests.xctest */,
				4D014EED2E7D212D007F6D47 /* vocab extension Extension.appex */,
			);
			name = Products;
			sourceTree = "<group>";
		};
/* End PBXGroup section */

/* Begin PBXNativeTarget section */
		4D014EB92E7D212C007F6D47 /* vocab extension */ = {
			isa = PBXNativeTarget;
			buildConfigurationList = 4D014F0D2E7D212D007F6D47 /* Build configuration list for PBXNativeTarget "vocab extension" */;
			buildPhases = (
				4D014EB62E7D212C007F6D47 /* Sources */,
				4D014EB72E7D212C007F6D47 /* Frameworks */,
				4D014EB82E7D212C007F6D47 /* Resources */,
				4D014F0C2E7D212D007F6D47 /* Embed Foundation Extensions */,
			);
			buildRules = (
			);
			dependencies = (
				4D014EF02E7D212D007F6D47 /* PBXTargetDependency */,
			);
			fileSystemSynchronizedGroups = (
				4D014EBC2E7D212C007F6D47 /* vocab extension */,
			);
			name = "vocab extension";
			packageProductDependencies = (
			);
			productName = "vocab extension";
			productReference = 4D014EBA2E7D212C007F6D47 /* vocab extension.app */;
			productType = "com.apple.product-type.application";
		};
		4D014ED62E7D212D007F6D47 /* vocab extensionTests */ = {
			isa = PBXNativeTarget;
			buildConfigurationList = 4D014F122E7D212D007F6D47 /* Build configuration list for PBXNativeTarget "vocab extensionTests" */;
			buildPhases = (
				4D014ED32E7D212D007F6D47 /* Sources */,
				4D014ED42E7D212D007F6D47 /* Frameworks */,
				4D014ED52E7D212D007F6D47 /* Resources */,
			);
			buildRules = (
			);
			dependencies = (
				4D014ED92E7D212D007F6D47 /* PBXTargetDependency */,
			);
			fileSystemSynchronizedGroups = (
				4D014EDA2E7D212D007F6D47 /* vocab extensionTests */,
			);
			name = "vocab extensionTests";
			packageProductDependencies = (
			);
			productName = "vocab extensionTests";
			productReference = 4D014ED72E7D212D007F6D47 /* vocab extensionTests.xctest */;
			productType = "com.apple.product-type.bundle.unit-test";
		};
		4D014EE02E7D212D007F6D47 /* vocab extensionUITests */ = {
			isa = PBXNativeTarget;
			buildConfigurationList = 4D014F152E7D212D007F6D47 /* Build configuration list for PBXNativeTarget "vocab extensionUITests" */;
			buildPhases = (
				4D014EDD2E7D212D007F6D47 /* Sources */,
				4D014EDE2E7D212D007F6D47 /* Frameworks */,
				4D014EDF2E7D212D007F6D47 /* Resources */,
			);
			buildRules = (
			);
			dependencies = (
				4D014EE32E7D212D007F6D47 /* PBXTargetDependency */,
			);
			fileSystemSynchronizedGroups = (
				4D014EE42E7D212D007F6D47 /* vocab extensionUITests */,
			);
			name = "vocab extensionUITests";
			packageProductDependencies = (
			);
			productName = "vocab extensionUITests";
			productReference = 4D014EE12E7D212D007F6D47 /* vocab extensionUITests.xctest */;
			productType = "com.apple.product-type.bundle.ui-testing";
		};
		4D014EEC2E7D212D007F6D47 /* vocab extension Extension */ = {
			isa = PBXNativeTarget;
			buildConfigurationList = 4D014F082E7D212D007F6D47 /* Build configuration list for PBXNativeTarget "vocab extension Extension" */;
			buildPhases = (
				4D014EE92E7D212D007F6D47 /* Sources */,
				4D014EEA2E7D212D007F6D47 /* Frameworks */,
				4D014EEB2E7D212D007F6D47 /* Resources */,
			);
			buildRules = (
			);
			dependencies = (
			);
			fileSystemSynchronizedGroups = (
				4D014EF12E7D212D007F6D47 /* vocab extension Extension */,
			);
			name = "vocab extension Extension";
			packageProductDependencies = (
			);
			productName = "vocab extension Extension";
			productReference = 4D014EED2E7D212D007F6D47 /* vocab extension Extension.appex */;
			productType = "com.apple.product-type.app-extension";
		};
/* End PBXNativeTarget section */

/* Begin PBXProject section */
		4D014EB22E7D212C007F6D47 /* Project object */ = {
			isa = PBXProject;
			attributes = {
				BuildIndependentTargetsInParallel = 1;
				LastSwiftUpdateCheck = 1620;
				LastUpgradeCheck = 1620;
				TargetAttributes = {
					4D014EB92E7D212C007F6D47 = {
						CreatedOnToolsVersion = 16.2;
					};
					4D014ED62E7D212D007F6D47 = {
						CreatedOnToolsVersion = 16.2;
						TestTargetID = 4D014EB92E7D212C007F6D47;
					};
					4D014EE02E7D212D007F6D47 = {
						CreatedOnToolsVersion = 16.2;
						TestTargetID = 4D014EB92E7D212C007F6D47;
					};
					4D014EEC2E7D212D007F6D47 = {
						CreatedOnToolsVersion = 16.2;
					};
				};
			};
			buildConfigurationList = 4D014EB52E7D212C007F6D47 /* Build configuration list for PBXProject "vocab extension" */;
			developmentRegion = en;
			hasScannedForEncodings = 0;
			knownRegions = (
				en,
				Base,
			);
			mainGroup = 4D014EB12E7D212C007F6D47;
			minimizedProjectReferenceProxies = 1;
			preferredProjectObjectVersion = 77;
			productRefGroup = 4D014EBB2E7D212C007F6D47 /* Products */;
			projectDirPath = "";
			projectRoot = "";
			targets = (
				4D014EB92E7D212C007F6D47 /* vocab extension */,
				4D014ED62E7D212D007F6D47 /* vocab extensionTests */,
				4D014EE02E7D212D007F6D47 /* vocab extensionUITests */,
				4D014EEC2E7D212D007F6D47 /* vocab extension Extension */,
			);
		};
/* End PBXProject section */

/* Begin PBXResourcesBuildPhase section */
		4D014EB82E7D212C007F6D47 /* Resources */ = {
			isa = PBXResourcesBuildPhase;
			buildActionMask = 2147483647;
			files = (
			);
			runOnlyForDeploymentPostprocessing = 0;
		};
		4D014ED52E7D212D007F6D47 /* Resources */ = {
			isa = PBXResourcesBuildPhase;
			buildActionMask = 2147483647;
			files = (
			);
			runOnlyForDeploymentPostprocessing = 0;
		};
		4D014EDF2E7D212D007F6D47 /* Resources */ = {
			isa = PBXResourcesBuildPhase;
			buildActionMask = 2147483647;
			files = (
			);
			runOnlyForDeploymentPostprocessing = 0;
		};
		4D014EEB2E7D212D007F6D47 /* Resources */ = {
			isa = PBXResourcesBuildPhase;
			buildActionMask = 2147483647;
			files = (
			);
			runOnlyForDeploymentPostprocessing = 0;
		};
/* End PBXResourcesBuildPhase section */

/* Begin PBXSourcesBuildPhase section */
		4D014EB62E7D212C007F6D47 /* Sources */ = {
			isa = PBXSourcesBuildPhase;
			buildActionMask = 2147483647;
			files = (
			);
			runOnlyForDeploymentPostprocessing = 0;
		};
		4D014ED32E7D212D007F6D47 /* Sources */ = {
			isa = PBXSourcesBuildPhase;
			buildActionMask = 2147483647;
			files = (
			);
			runOnlyForDeploymentPostprocessing = 0;
		};
		4D014EDD2E7D212D007F6D47 /* Sources */ = {
			isa = PBXSourcesBuildPhase;
			buildActionMask = 2147483647;
			files = (
			);
			runOnlyForDeploymentPostprocessing = 0;
		};
		4D014EE92E7D212D007F6D47 /* Sources */ = {
			isa = PBXSourcesBuildPhase;
			buildActionMask = 2147483647;
			files = (
			);
			runOnlyForDeploymentPostprocessing = 0;
		};
/* End PBXSourcesBuildPhase section */

/* Begin PBXTargetDependency section */
		4D014ED92E7D212D007F6D47 /* PBXTargetDependency */ = {
			isa = PBXTargetDependency;
			target = 4D014EB92E7D212C007F6D47 /* vocab extension */;
			targetProxy = 4D014ED82E7D212D007F6D47 /* PBXContainerItemProxy */;
		};
		4D014EE32E7D212D007F6D47 /* PBXTargetDependency */ = {
			isa = PBXTargetDependency;
			target = 4D014EB92E7D212C007F6D47 /* vocab extension */;
			targetProxy = 4D014EE22E7D212D007F6D47 /* PBXContainerItemProxy */;
		};
		4D014EF02E7D212D007F6D47 /* PBXTargetDependency */ = {
			isa = PBXTargetDependency;
			target = 4D014EEC2E7D212D007F6D47 /* vocab extension Extension */;
			targetProxy = 4D014EEF2E7D212D007F6D47 /* PBXContainerItemProxy */;
		};
/* End PBXTargetDependency section */

/* Begin XCBuildConfiguration section */
		4D014F092E7D212D007F6D47 /* Debug */ = {
			isa = XCBuildConfiguration;
			buildSettings = {
				CODE_SIGN_STYLE = Automatic;
				CURRENT_PROJECT_VERSION = 1;
				GENERATE_INFOPLIST_FILE = YES;
				INFOPLIST_FILE = "vocab extension Extension/Info.plist";
				INFOPLIST_KEY_CFBundleDisplayName = "vocab extension Extension";
				INFOPLIST_KEY_NSHumanReadableCopyright = "";
				IPHONEOS_DEPLOYMENT_TARGET = 15.0;
				LD_RUNPATH_SEARCH_PATHS = (
					"$(inherited)",
					"@executable_path/Frameworks",
					"@executable_path/../../Frameworks",
				);
				MARKETING_VERSION = 1.0;
				OTHER_LDFLAGS = (
					"-framework",
					SafariServices,
				);
				PRODUCT_BUNDLE_IDENTIFIER = "com.maddyludes.vocab-extension.Extension";
				PRODUCT_NAME = "$(TARGET_NAME)";
				SKIP_INSTALL = YES;
				SWIFT_EMIT_LOC_STRINGS = YES;
				SWIFT_VERSION = 5.0;
				TARGETED_DEVICE_FAMILY = "1,2";
			};
			name = Debug;
		};
		4D014F0A2E7D212D007F6D47 /* Release */ = {
			isa = XCBuildConfiguration;
			buildSettings = {
				CODE_SIGN_STYLE = Automatic;
				CURRENT_PROJECT_VERSION = 1;
				GENERATE_INFOPLIST_FILE = YES;
				INFOPLIST_FILE = "vocab extension Extension/Info.plist";
				INFOPLIST_KEY_CFBundleDisplayName = "vocab extension Extension";
				INFOPLIST_KEY_NSHumanReadableCopyright = "";
				IPHONEOS_DEPLOYMENT_TARGET = 15.0;
				LD_RUNPATH_SEARCH_PATHS = (
					"$(inherited)",
					"@executable_path/Frameworks",
					"@executable_path/../../Frameworks",
				);
				MARKETING_VERSION = 1.0;
				OTHER_LDFLAGS = (
					"-framework",
					SafariServices,
				);
				PRODUCT_BUNDLE_IDENTIFIER = "com.maddyludes.vocab-extension.Extension";
				PRODUCT_NAME = "$(TARGET_NAME)";
				SKIP_INSTALL = YES;
				SWIFT_EMIT_LOC_STRINGS = YES;
				SWIFT_VERSION = 5.0;
				TARGETED_DEVICE_FAMILY = "1,2";
			};
			name = Release;
		};
		4D014F0E2E7D212D007F6D47 /* Debug */ = {
			isa = XCBuildConfiguration;
			buildSettings = {
				ASSETCATALOG_COMPILER_APPICON_NAME = AppIcon;
				ASSETCATALOG_COMPILER_GLOBAL_ACCENT_COLOR_NAME = AccentColor;
				CODE_SIGN_STYLE = Automatic;
				CURRENT_PROJECT_VERSION = 1;
				GENERATE_INFOPLIST_FILE = YES;
				INFOPLIST_FILE = "vocab extension/Info.plist";
				INFOPLIST_KEY_CFBundleDisplayName = "vocab extension";
				INFOPLIST_KEY_UIApplicationSupportsIndirectInputEvents = YES;
				INFOPLIST_KEY_UILaunchStoryboardName = LaunchScreen;
				INFOPLIST_KEY_UIMainStoryboardFile = Main;
				INFOPLIST_KEY_UISupportedInterfaceOrientations_iPad = "UIInterfaceOrientationPortrait UIInterfaceOrientationPortraitUpsideDown UIInterfaceOrientationLandscapeLeft UIInterfaceOrientationLandscapeRight";
				INFOPLIST_KEY_UISupportedInterfaceOrientations_iPhone = "UIInterfaceOrientationPortrait UIInterfaceOrientationLandscapeLeft UIInterfaceOrientationLandscapeRight";
				IPHONEOS_DEPLOYMENT_TARGET = 15.0;
				LD_RUNPATH_SEARCH_PATHS = (
					"$(inherited)",
					"@executable_path/Frameworks",
				);
				MARKETING_VERSION = 1.0;
				OTHER_LDFLAGS = (
					"-framework",
					SafariServices,
					"-framework",
					WebKit,
				);
				PRODUCT_BUNDLE_IDENTIFIER = "com.maddyludes.vocab-extension";
				PRODUCT_NAME = "$(TARGET_NAME)";
				SWIFT_EMIT_LOC_STRINGS = YES;
				SWIFT_VERSION = 5.0;
				TARGETED_DEVICE_FAMILY = "1,2";
			};
			name = Debug;
		};
		4D014F0F2E7D212D007F6D47 /* Release */ = {
			isa = XCBuildConfiguration;
			buildSettings = {
				ASSETCATALOG_COMPILER_APPICON_NAME = AppIcon;
				ASSETCATALOG_COMPILER_GLOBAL_ACCENT_COLOR_NAME = AccentColor;
				CODE_SIGN_STYLE = Automatic;
				CURRENT_PROJECT_VERSION = 1;
				GENERATE_INFOPLIST_FILE = YES;
				INFOPLIST_FILE = "vocab extension/Info.plist";
				INFOPLIST_KEY_CFBundleDisplayName = "vocab extension";
				INFOPLIST_KEY_UIApplicationSupportsIndirectInputEvents = YES;
				INFOPLIST_KEY_UILaunchStoryboardName = LaunchScreen;
				INFOPLIST_KEY_UIMainStoryboardFile = Main;
				INFOPLIST_KEY_UISupportedInterfaceOrientations_iPad = "UIInterfaceOrientationPortrait UIInterfaceOrientationPortraitUpsideDown UIInterfaceOrientationLandscapeLeft UIInterfaceOrientationLandscapeRight";
				INFOPLIST_KEY_UISupportedInterfaceOrientations_iPhone = "UIInterfaceOrientationPortrait UIInterfaceOrientationLandscapeLeft UIInterfaceOrientationLandscapeRight";
				IPHONEOS_DEPLOYMENT_TARGET = 15.0;
				LD_RUNPATH_SEARCH_PATHS = (
					"$(inherited)",
					"@executable_path/Frameworks",
				);
				MARKETING_VERSION = 1.0;
				OTHER_LDFLAGS = (
					"-framework",
					SafariServices,
					"-framework",
					WebKit,
				);
				PRODUCT_BUNDLE_IDENTIFIER = "com.maddyludes.vocab-extension";
				PRODUCT_NAME = "$(TARGET_NAME)";
				SWIFT_EMIT_LOC_STRINGS = YES;
				SWIFT_VERSION = 5.0;
				TARGETED_DEVICE_FAMILY = "1,2";
			};
			name = Release;
		};
		4D014F102E7D212D007F6D47 /* Debug */ = {
			isa = XCBuildConfiguration;
			buildSettings = {
				ALWAYS_SEARCH_USER_PATHS = NO;
				ASSETCATALOG_COMPILER_GENERATE_SWIFT_ASSET_SYMBOL_EXTENSIONS = YES;
				CLANG_ANALYZER_NONNULL = YES;
				CLANG_ANALYZER_NUMBER_OBJECT_CONVERSION = YES_AGGRESSIVE;
				CLANG_CXX_LANGUAGE_STANDARD = "gnu++20";
				CLANG_ENABLE_MODULES = YES;
				CLANG_ENABLE_OBJC_ARC = YES;
				CLANG_ENABLE_OBJC_WEAK = YES;
				CLANG_WARN_BLOCK_CAPTURE_AUTORELEASING = YES;
				CLANG_WARN_BOOL_CONVERSION = YES;
				CLANG_WARN_COMMA = YES;
				CLANG_WARN_CONSTANT_CONVERSION = YES;
				CLANG_WARN_DEPRECATED_OBJC_IMPLEMENTATIONS = YES;
				CLANG_WARN_DIRECT_OBJC_ISA_USAGE = YES_ERROR;
				CLANG_WARN_DOCUMENTATION_COMMENTS = YES;
				CLANG_WARN_EMPTY_BODY = YES;
				CLANG_WARN_ENUM_CONVERSION = YES;
				CLANG_WARN_INFINITE_RECURSION = YES;
				CLANG_WARN_INT_CONVERSION = YES;
				CLANG_WARN_NON_LITERAL_NULL_CONVERSION = YES;
				CLANG_WARN_OBJC_IMPLICIT_RETAIN_SELF = YES;
				CLANG_WARN_OBJC_LITERAL_CONVERSION = YES;
				CLANG_WARN_OBJC_ROOT_CLASS = YES_ERROR;
				CLANG_WARN_QUOTED_INCLUDE_IN_FRAMEWORK_HEADER = YES;
				CLANG_WARN_RANGE_LOOP_ANALYSIS = YES;
				CLANG_WARN_STRICT_PROTOTYPES = YES;
				CLANG_WARN_SUSPICIOUS_MOVE = YES;
				CLANG_WARN_UNGUARDED_AVAILABILITY = YES_AGGRESSIVE;
				CLANG_WARN_UNREACHABLE_CODE = YES;
				CLANG_WARN__DUPLICATE_METHOD_MATCH = YES;
				COPY_PHASE_STRIP = NO;
				DEBUG_INFORMATION_FORMAT = dwarf;
				ENABLE_STRICT_OBJC_MSGSEND = YES;
				ENABLE_TESTABILITY = YES;
				ENABLE_USER_SCRIPT_SANDBOXING = YES;
				GCC_C_LANGUAGE_STANDARD = gnu17;
				GCC_DYNAMIC_NO_PIC = NO;
				GCC_NO_COMMON_BLOCKS = YES;
				GCC_OPTIMIZATION_LEVEL = 0;
				GCC_PREPROCESSOR_DEFINITIONS = (
					"DEBUG=1",
					"$(inherited)",
				);
				GCC_WARN_64_TO_32_BIT_CONVERSION = YES;
				GCC_WARN_ABOUT_RETURN_TYPE = YES_ERROR;
				GCC_WARN_UNDECLARED_SELECTOR = YES;
				GCC_WARN_UNINITIALIZED_AUTOS = YES_AGGRESSIVE;
				GCC_WARN_UNUSED_FUNCTION = YES;
				GCC_WARN_UNUSED_VARIABLE = YES;
				IPHONEOS_DEPLOYMENT_TARGET = 18.2;
				LOCALIZATION_PREFERS_STRING_CATALOGS = YES;
				MTL_ENABLE_DEBUG_INFO = INCLUDE_SOURCE;
				MTL_FAST_MATH = YES;
				ONLY_ACTIVE_ARCH = YES;
				SDKROOT = iphoneos;
				SWIFT_ACTIVE_COMPILATION_CONDITIONS = "DEBUG $(inherited)";
				SWIFT_OPTIMIZATION_LEVEL = "-Onone";
			};
			name = Debug;
		};
		4D014F112E7D212D007F6D47 /* Release */ = {
			isa = XCBuildConfiguration;
			buildSettings = {
				ALWAYS_SEARCH_USER_PATHS = NO;
				ASSETCATALOG_COMPILER_GENERATE_SWIFT_ASSET_SYMBOL_EXTENSIONS = YES;
				CLANG_ANALYZER_NONNULL = YES;
				CLANG_ANALYZER_NUMBER_OBJECT_CONVERSION = YES_AGGRESSIVE;
				CLANG_CXX_LANGUAGE_STANDARD = "gnu++20";
				CLANG_ENABLE_MODULES = YES;
				CLANG_ENABLE_OBJC_ARC = YES;
				CLANG_ENABLE_OBJC_WEAK = YES;
				CLANG_WARN_BLOCK_CAPTURE_AUTORELEASING = YES;
				CLANG_WARN_BOOL_CONVERSION = YES;
				CLANG_WARN_COMMA = YES;
				CLANG_WARN_CONSTANT_CONVERSION = YES;
				CLANG_WARN_DEPRECATED_OBJC_IMPLEMENTATIONS = YES;
				CLANG_WARN_DIRECT_OBJC_ISA_USAGE = YES_ERROR;
				CLANG_WARN_DOCUMENTATION_COMMENTS = YES;
				CLANG_WARN_EMPTY_BODY = YES;
				CLANG_WARN_ENUM_CONVERSION = YES;
				CLANG_WARN_INFINITE_RECURSION = YES;
				CLANG_WARN_INT_CONVERSION = YES;
				CLANG_WARN_NON_LITERAL_NULL_CONVERSION = YES;
				CLANG_WARN_OBJC_IMPLICIT_RETAIN_SELF = YES;
				CLANG_WARN_OBJC_LITERAL_CONVERSION = YES;
				CLANG_WARN_OBJC_ROOT_CLASS = YES_ERROR;
				CLANG_WARN_QUOTED_INCLUDE_IN_FRAMEWORK_HEADER = YES;
				CLANG_WARN_RANGE_LOOP_ANALYSIS = YES;
				CLANG_WARN_STRICT_PROTOTYPES = YES;
				CLANG_WARN_SUSPICIOUS_MOVE = YES;
				CLANG_WARN_UNGUARDED_AVAILABILITY = YES_AGGRESSIVE;
				CLANG_WARN_UNREACHABLE_CODE = YES;
				CLANG_WARN__DUPLICATE_METHOD_MATCH = YES;
				COPY_PHASE_STRIP = NO;
				DEBUG_INFORMATION_FORMAT = "dwarf-with-dsym";
				ENABLE_NS_ASSERTIONS = NO;
				ENABLE_STRICT_OBJC_MSGSEND = YES;
				ENABLE_USER_SCRIPT_SANDBOXING = YES;
				GCC_C_LANGUAGE_STANDARD = gnu17;
				GCC_NO_COMMON_BLOCKS = YES;
				GCC_WARN_64_TO_32_BIT_CONVERSION = YES;
				GCC_WARN_ABOUT_RETURN_TYPE = YES_ERROR;
				GCC_WARN_UNDECLARED_SELECTOR = YES;
				GCC_WARN_UNINITIALIZED_AUTOS = YES_AGGRESSIVE;
				GCC_WARN_UNUSED_FUNCTION = YES;
				GCC_WARN_UNUSED_VARIABLE = YES;
				IPHONEOS_DEPLOYMENT_TARGET = 18.2;
				LOCALIZATION_PREFERS_STRING_CATALOGS = YES;
				MTL_ENABLE_DEBUG_INFO = NO;
				MTL_FAST_MATH = YES;
				SDKROOT = iphoneos;
				SWIFT_COMPILATION_MODE = wholemodule;
				VALIDATE_PRODUCT = YES;
			};
			name = Release;
		};
		4D014F132E7D212D007F6D47 /* Debug */ = {
			isa = XCBuildConfiguration;
			buildSettings = {
				BUNDLE_LOADER = "$(TEST_HOST)";
				CODE_SIGN_STYLE = Automatic;
				CURRENT_PROJECT_VERSION = 1;
				GENERATE_INFOPLIST_FILE = YES;
				IPHONEOS_DEPLOYMENT_TARGET = 15.0;
				MARKETING_VERSION = 1.0;
				PRODUCT_BUNDLE_IDENTIFIER = "com.maddyludes.vocab-extensionTests";
				PRODUCT_NAME = "$(TARGET_NAME)";
				SWIFT_EMIT_LOC_STRINGS = NO;
				SWIFT_VERSION = 5.0;
				TARGETED_DEVICE_FAMILY = "1,2";
				TEST_HOST = "$(BUILT_PRODUCTS_DIR)/vocab extension.app/$(BUNDLE_EXECUTABLE_FOLDER_PATH)/vocab extension";
			};
			name = Debug;
		};
		4D014F142E7D212D007F6D47 /* Release */ = {
			isa = XCBuildConfiguration;
			buildSettings = {
				BUNDLE_LOADER = "$(TEST_HOST)";
				CODE_SIGN_STYLE = Automatic;
				CURRENT_PROJECT_VERSION = 1;
				GENERATE_INFOPLIST_FILE = YES;
				IPHONEOS_DEPLOYMENT_TARGET = 15.0;
				MARKETING_VERSION = 1.0;
				PRODUCT_BUNDLE_IDENTIFIER = "com.maddyludes.vocab-extensionTests";
				PRODUCT_NAME = "$(TARGET_NAME)";
				SWIFT_EMIT_LOC_STRINGS = NO;
				SWIFT_VERSION = 5.0;
				TARGETED_DEVICE_FAMILY = "1,2";
				TEST_HOST = "$(BUILT_PRODUCTS_DIR)/vocab extension.app/$(BUNDLE_EXECUTABLE_FOLDER_PATH)/vocab extension";
			};
			name = Release;
		};
		4D014F162E7D212D007F6D47 /* Debug */ = {
			isa = XCBuildConfiguration;
			buildSettings = {
				CODE_SIGN_STYLE = Automatic;
				CURRENT_PROJECT_VERSION = 1;
				GENERATE_INFOPLIST_FILE = YES;
				MARKETING_VERSION = 1.0;
				PRODUCT_BUNDLE_IDENTIFIER = "com.maddyludes.vocab-extensionUITests";
				PRODUCT_NAME = "$(TARGET_NAME)";
				SWIFT_EMIT_LOC_STRINGS = NO;
				SWIFT_VERSION = 5.0;
				TARGETED_DEVICE_FAMILY = "1,2";
				TEST_TARGET_NAME = "vocab extension";
			};
			name = Debug;
		};
		4D014F172E7D212D007F6D47 /* Release */ = {
			isa = XCBuildConfiguration;
			buildSettings = {
				CODE_SIGN_STYLE = Automatic;
				CURRENT_PROJECT_VERSION = 1;
				GENERATE_INFOPLIST_FILE = YES;
				MARKETING_VERSION = 1.0;
				PRODUCT_BUNDLE_IDENTIFIER = "com.maddyludes.vocab-extensionUITests";
				PRODUCT_NAME = "$(TARGET_NAME)";
				SWIFT_EMIT_LOC_STRINGS = NO;
				SWIFT_VERSION = 5.0;
				TARGETED_DEVICE_FAMILY = "1,2";
				TEST_TARGET_NAME = "vocab extension";
			};
			name = Release;
		};
/* End XCBuildConfiguration section */

/* Begin XCConfigurationList section */
		4D014EB52E7D212C007F6D47 /* Build configuration list for PBXProject "vocab extension" */ = {
			isa = XCConfigurationList;
			buildConfigurations = (
				4D014F102E7D212D007F6D47 /* Debug */,
				4D014F112E7D212D007F6D47 /* Release */,
			);
			defaultConfigurationIsVisible = 0;
			defaultConfigurationName = Release;
		};
		4D014F082E7D212D007F6D47 /* Build configuration list for PBXNativeTarget "vocab extension Extension" */ = {
			isa = XCConfigurationList;
			buildConfigurations = (
				4D014F092E7D212D007F6D47 /* Debug */,
				4D014F0A2E7D212D007F6D47 /* Release */,
			);
			defaultConfigurationIsVisible = 0;
			defaultConfigurationName = Release;
		};
		4D014F0D2E7D212D007F6D47 /* Build configuration list for PBXNativeTarget "vocab extension" */ = {
			isa = XCConfigurationList;
			buildConfigurations = (
				4D014F0E2E7D212D007F6D47 /* Debug */,
				4D014F0F2E7D212D007F6D47 /* Release */,
			);
			defaultConfigurationIsVisible = 0;
			defaultConfigurationName = Release;
		};
		4D014F122E7D212D007F6D47 /* Build configuration list for PBXNativeTarget "vocab extensionTests" */ = {
			isa = XCConfigurationList;
			buildConfigurations = (
				4D014F132E7D212D007F6D47 /* Debug */,
				4D014F142E7D212D007F6D47 /* Release */,
			);
			defaultConfigurationIsVisible = 0;
			defaultConfigurationName = Release;
		};
		4D014F152E7D212D007F6D47 /* Build configuration list for PBXNativeTarget "vocab extensionUITests" */ = {
			isa = XCConfigurationList;
			buildConfigurations = (
				4D014F162E7D212D007F6D47 /* Debug */,
				4D014F172E7D212D007F6D47 /* Release */,
			);
			defaultConfigurationIsVisible = 0;
			defaultConfigurationName = Release;
		};
/* End XCConfigurationList section */
	};
	rootObject = 4D014EB22E7D212C007F6D47 /* Project object */;
}
